
Microsoft Visual Studio Solution File, Format Version 12.00
# Visual Studio Version 17
VisualStudioVersion = 17.13.35931.197 d17.13
MinimumVisualStudioVersion = 10.0.40219.1
Project("{FAE04EC0-301F-11D3-BF4B-00C04F79EFBC}") = "Market", "Market\Market.csproj", "{072354A3-2743-404C-9961-A4ED090A03B3}"
EndProject
Global
	GlobalSection(SolutionConfigurationPlatforms) = preSolution
		Debug|Any CPU = Debug|Any CPU
		Release|Any CPU = Release|Any CPU
	EndGlobalSection
	GlobalSection(ProjectConfigurationPlatforms) = postSolution
		{072354A3-2743-404C-9961-A4ED090A03B3}.Debug|Any CPU.ActiveCfg = Debug|Any CPU
		{072354A3-2743-404C-9961-A4ED090A03B3}.Debug|Any CPU.Build.0 = Debug|Any CPU
		{072354A3-2743-404C-9961-A4ED090A03B3}.Release|Any CPU.ActiveCfg = Release|Any CPU
		{072354A3-2743-404C-9961-A4ED090A03B3}.Release|Any CPU.Build.0 = Release|Any CPU
	EndGlobalSection
	GlobalSection(SolutionProperties) = preSolution
		HideSolutionNode = FALSE
	EndGlobalSection
	GlobalSection(ExtensibilityGlobals) = postSolution
		SolutionGuid = {5C0FF3F5-EF18-42DD-8C2B-5EF64F443CFF}
	EndGlobalSection
EndGlobal
